// !$*UTF8*$!
{
	archiveVersion = 1;
	classes = {
	};
	objectVersion = 55;
	objects = {

/* Begin PBXBuildFile section */
		8F02683029618E8C006094BE /* AudioSessionController.swift in Sources */ = {isa = PBXBuildFile; fileRef = 8F02682F29618E8C006094BE /* AudioSessionController.swift */; };
		8F2D707028BE46AD0094DA67 /* CoreDataManager.swift in Sources */ = {isa = PBXBuildFile; fileRef = 8F2D706F28BE46AC0094DA67 /* CoreDataManager.swift */; };
		8F2D707328C0CD1C0094DA67 /* ItemRepositoryProtocol.swift in Sources */ = {isa = PBXBuildFile; fileRef = 8F2D707228C0CD1C0094DA67 /* ItemRepositoryProtocol.swift */; };
		8F2D707528C343BD0094DA67 /* FloatingButton.swift in Sources */ = {isa = PBXBuildFile; fileRef = 8F2D707428C343BD0094DA67 /* FloatingButton.swift */; };
		8F5CA76F28DDFC7B00A43279 /* Date+Extension.swift in Sources */ = {isa = PBXBuildFile; fileRef = 8F5CA76E28DDFC7B00A43279 /* Date+Extension.swift */; };
		8F5CA77128DE003F00A43279 /* SettingsView.swift in Sources */ = {isa = PBXBuildFile; fileRef = 8F5CA77028DE003F00A43279 /* SettingsView.swift */; };
		8F6472AB2986630100DFF41E /* Item.swift in Sources */ = {isa = PBXBuildFile; fileRef = 8F6472AA2986630100DFF41E /* Item.swift */; };
		8F6472AF29866FB100DFF41E /* ItemRepository.swift in Sources */ = {isa = PBXBuildFile; fileRef = 8F6472AE29866FB100DFF41E /* ItemRepository.swift */; };
		8F80D0872962AA0700007461 /* CustomAlert.swift in Sources */ = {isa = PBXBuildFile; fileRef = 8F80D0862962AA0700007461 /* CustomAlert.swift */; };
		8F80D0892962AAF300007461 /* AlertType.swift in Sources */ = {isa = PBXBuildFile; fileRef = 8F80D0882962AAF300007461 /* AlertType.swift */; };
		8F80D08B2962AB9600007461 /* ContentView.swift in Sources */ = {isa = PBXBuildFile; fileRef = 8F80D08A2962AB9600007461 /* ContentView.swift */; };
		8F80D08D2962BF6400007461 /* ItemDao.swift in Sources */ = {isa = PBXBuildFile; fileRef = 8F80D08C2962BF6400007461 /* ItemDao.swift */; };
		8F847196292AEC210074679C /* RSwift + Extension.swift in Sources */ = {isa = PBXBuildFile; fileRef = 8F847195292AEC210074679C /* RSwift + Extension.swift */; };
		8F8E62C128DA0CDE006A6A88 /* SpeechUseCase.swift in Sources */ = {isa = PBXBuildFile; fileRef = 8F8E62C028DA0CDE006A6A88 /* SpeechUseCase.swift */; };
		8F8E62C728DDC30F006A6A88 /* AllItemViewModel.swift in Sources */ = {isa = PBXBuildFile; fileRef = 8F8E62C628DDC30F006A6A88 /* AllItemViewModel.swift */; };
		8F8E62C928DDEB50006A6A88 /* TextArea.swift in Sources */ = {isa = PBXBuildFile; fileRef = 8F8E62C828DDEB50006A6A88 /* TextArea.swift */; };
		8F9EA5CC28BBA550004FDDEB /* VE2Error.swift in Sources */ = {isa = PBXBuildFile; fileRef = 8F9EA5CB28BBA550004FDDEB /* VE2Error.swift */; };
		8F9EA5D028BD0E00004FDDEB /* AlertView.swift in Sources */ = {isa = PBXBuildFile; fileRef = 8F9EA5CF28BD0E00004FDDEB /* AlertView.swift */; };
		8FE069F2296C30560001BA35 /* FirebaseMessaging in Frameworks */ = {isa = PBXBuildFile; productRef = 8FE069F1296C30560001BA35 /* FirebaseMessaging */; };
		8FFDB84D2961107F00C0A25B /* TextToAudioFileUseCase.swift in Sources */ = {isa = PBXBuildFile; fileRef = 8FFDB84C2961107F00C0A25B /* TextToAudioFileUseCase.swift */; };
		8FFDB852296129D700C0A25B /* VE2Logger.swift in Sources */ = {isa = PBXBuildFile; fileRef = 8FFDB851296129D700C0A25B /* VE2Logger.swift */; };
		8FFDB8542961509700C0A25B /* Constants.swift in Sources */ = {isa = PBXBuildFile; fileRef = 8FFDB8532961509700C0A25B /* Constants.swift */; };
		8FFDB857296153D300C0A25B /* Rswift in Frameworks */ = {isa = PBXBuildFile; productRef = 8FFDB856296153D300C0A25B /* Rswift */; };
		8FFDB85A2961546B00C0A25B /* AudioKit in Frameworks */ = {isa = PBXBuildFile; productRef = 8FFDB8592961546B00C0A25B /* AudioKit */; };
		8FFDB85C2961656100C0A25B /* Speech.swift in Sources */ = {isa = PBXBuildFile; fileRef = 8FFDB85B2961656100C0A25B /* Speech.swift */; };
		8FFDB85E29617C4300C0A25B /* DetailViewModel.swift in Sources */ = {isa = PBXBuildFile; fileRef = 8FFDB85D29617C4300C0A25B /* DetailViewModel.swift */; };
		8FFDCE7A28B2765A003E54A2 /* VoiceExpert2App.swift in Sources */ = {isa = PBXBuildFile; fileRef = 8FFDCE7928B2765A003E54A2 /* VoiceExpert2App.swift */; };
		8FFDCE7C28B2765A003E54A2 /* AllItemView.swift in Sources */ = {isa = PBXBuildFile; fileRef = 8FFDCE7B28B2765A003E54A2 /* AllItemView.swift */; };
		8FFDCE7E28B2765D003E54A2 /* Assets.xcassets in Resources */ = {isa = PBXBuildFile; fileRef = 8FFDCE7D28B2765D003E54A2 /* Assets.xcassets */; };
		8FFDCE8128B2765D003E54A2 /* Preview Assets.xcassets in Resources */ = {isa = PBXBuildFile; fileRef = 8FFDCE8028B2765D003E54A2 /* Preview Assets.xcassets */; };
		8FFDCE8328B2765D003E54A2 /* Persistence.swift in Sources */ = {isa = PBXBuildFile; fileRef = 8FFDCE8228B2765D003E54A2 /* Persistence.swift */; };
		8FFDCE8628B2765D003E54A2 /* VoiceExpert2.xcdatamodeld in Sources */ = {isa = PBXBuildFile; fileRef = 8FFDCE8428B2765D003E54A2 /* VoiceExpert2.xcdatamodeld */; };
		8FFDCE8F28B279EA003E54A2 /* ItemCell.swift in Sources */ = {isa = PBXBuildFile; fileRef = 8FFDCE8E28B279E9003E54A2 /* ItemCell.swift */; };
		8FFDCE9128B27ABC003E54A2 /* DetailView.swift in Sources */ = {isa = PBXBuildFile; fileRef = 8FFDCE9028B27ABC003E54A2 /* DetailView.swift */; };
		8FFDCE9328B27E57003E54A2 /* AddItemView.swift in Sources */ = {isa = PBXBuildFile; fileRef = 8FFDCE9228B27E57003E54A2 /* AddItemView.swift */; };
		8FFDCE9528B286D0003E54A2 /* MainTabView.swift in Sources */ = {isa = PBXBuildFile; fileRef = 8FFDCE9428B286D0003E54A2 /* MainTabView.swift */; };
/* End PBXBuildFile section */

/* Begin PBXFileReference section */
		8F02682F29618E8C006094BE /* AudioSessionController.swift */ = {isa = PBXFileReference; lastKnownFileType = sourcecode.swift; path = AudioSessionController.swift; sourceTree = "<group>"; };
		8F2D706F28BE46AC0094DA67 /* CoreDataManager.swift */ = {isa = PBXFileReference; lastKnownFileType = sourcecode.swift; path = CoreDataManager.swift; sourceTree = "<group>"; };
		8F2D707228C0CD1C0094DA67 /* ItemRepositoryProtocol.swift */ = {isa = PBXFileReference; lastKnownFileType = sourcecode.swift; path = ItemRepositoryProtocol.swift; sourceTree = "<group>"; };
		8F2D707428C343BD0094DA67 /* FloatingButton.swift */ = {isa = PBXFileReference; lastKnownFileType = sourcecode.swift; path = FloatingButton.swift; sourceTree = "<group>"; };
		8F5CA76E28DDFC7B00A43279 /* Date+Extension.swift */ = {isa = PBXFileReference; lastKnownFileType = sourcecode.swift; path = "Date+Extension.swift"; sourceTree = "<group>"; };
		8F5CA77028DE003F00A43279 /* SettingsView.swift */ = {isa = PBXFileReference; lastKnownFileType = sourcecode.swift; path = SettingsView.swift; sourceTree = "<group>"; };
		8F6472A729814CBE00DFF41E /* VoiceExpert2.entitlements */ = {isa = PBXFileReference; lastKnownFileType = text.plist.entitlements; path = VoiceExpert2.entitlements; sourceTree = "<group>"; };
		8F6472A829814DF800DFF41E /* Info.plist */ = {isa = PBXFileReference; lastKnownFileType = text.plist; path = Info.plist; sourceTree = "<group>"; };
		8F6472AA2986630100DFF41E /* Item.swift */ = {isa = PBXFileReference; lastKnownFileType = sourcecode.swift; path = Item.swift; sourceTree = "<group>"; };
		8F6472AE29866FB100DFF41E /* ItemRepository.swift */ = {isa = PBXFileReference; lastKnownFileType = sourcecode.swift; path = ItemRepository.swift; sourceTree = "<group>"; };
		8F80D0862962AA0700007461 /* CustomAlert.swift */ = {isa = PBXFileReference; lastKnownFileType = sourcecode.swift; path = CustomAlert.swift; sourceTree = "<group>"; };
		8F80D0882962AAF300007461 /* AlertType.swift */ = {isa = PBXFileReference; lastKnownFileType = sourcecode.swift; path = AlertType.swift; sourceTree = "<group>"; };
		8F80D08A2962AB9600007461 /* ContentView.swift */ = {isa = PBXFileReference; lastKnownFileType = sourcecode.swift; path = ContentView.swift; sourceTree = "<group>"; };
		8F80D08C2962BF6400007461 /* ItemDao.swift */ = {isa = PBXFileReference; lastKnownFileType = sourcecode.swift; path = ItemDao.swift; sourceTree = "<group>"; };
		8F847195292AEC210074679C /* RSwift + Extension.swift */ = {isa = PBXFileReference; lastKnownFileType = sourcecode.swift; path = "RSwift + Extension.swift"; sourceTree = "<group>"; };
		8F8E62C028DA0CDE006A6A88 /* SpeechUseCase.swift */ = {isa = PBXFileReference; lastKnownFileType = sourcecode.swift; path = SpeechUseCase.swift; sourceTree = "<group>"; };
		8F8E62C628DDC30F006A6A88 /* AllItemViewModel.swift */ = {isa = PBXFileReference; lastKnownFileType = sourcecode.swift; path = AllItemViewModel.swift; sourceTree = "<group>"; };
		8F8E62C828DDEB50006A6A88 /* TextArea.swift */ = {isa = PBXFileReference; lastKnownFileType = sourcecode.swift; path = TextArea.swift; sourceTree = "<group>"; };
		8F9EA5CB28BBA550004FDDEB /* VE2Error.swift */ = {isa = PBXFileReference; lastKnownFileType = sourcecode.swift; path = VE2Error.swift; sourceTree = "<group>"; };
		8F9EA5CF28BD0E00004FDDEB /* AlertView.swift */ = {isa = PBXFileReference; lastKnownFileType = sourcecode.swift; path = AlertView.swift; sourceTree = "<group>"; };
		8FFDB84C2961107F00C0A25B /* TextToAudioFileUseCase.swift */ = {isa = PBXFileReference; lastKnownFileType = sourcecode.swift; path = TextToAudioFileUseCase.swift; sourceTree = "<group>"; };
		8FFDB851296129D700C0A25B /* VE2Logger.swift */ = {isa = PBXFileReference; lastKnownFileType = sourcecode.swift; path = VE2Logger.swift; sourceTree = "<group>"; };
		8FFDB8532961509700C0A25B /* Constants.swift */ = {isa = PBXFileReference; lastKnownFileType = sourcecode.swift; path = Constants.swift; sourceTree = "<group>"; };
		8FFDB85B2961656100C0A25B /* Speech.swift */ = {isa = PBXFileReference; lastKnownFileType = sourcecode.swift; path = Speech.swift; sourceTree = "<group>"; };
		8FFDB85D29617C4300C0A25B /* DetailViewModel.swift */ = {isa = PBXFileReference; lastKnownFileType = sourcecode.swift; path = DetailViewModel.swift; sourceTree = "<group>"; };
		8FFDCE7628B2765A003E54A2 /* VoiceExpert2.app */ = {isa = PBXFileReference; explicitFileType = wrapper.application; includeInIndex = 0; path = VoiceExpert2.app; sourceTree = BUILT_PRODUCTS_DIR; };
		8FFDCE7928B2765A003E54A2 /* VoiceExpert2App.swift */ = {isa = PBXFileReference; lastKnownFileType = sourcecode.swift; path = VoiceExpert2App.swift; sourceTree = "<group>"; };
		8FFDCE7B28B2765A003E54A2 /* AllItemView.swift */ = {isa = PBXFileReference; lastKnownFileType = sourcecode.swift; path = AllItemView.swift; sourceTree = "<group>"; };
		8FFDCE7D28B2765D003E54A2 /* Assets.xcassets */ = {isa = PBXFileReference; lastKnownFileType = folder.assetcatalog; path = Assets.xcassets; sourceTree = "<group>"; };
		8FFDCE8028B2765D003E54A2 /* Preview Assets.xcassets */ = {isa = PBXFileReference; lastKnownFileType = folder.assetcatalog; path = "Preview Assets.xcassets"; sourceTree = "<group>"; };
		8FFDCE8228B2765D003E54A2 /* Persistence.swift */ = {isa = PBXFileReference; lastKnownFileType = sourcecode.swift; path = Persistence.swift; sourceTree = "<group>"; };
		8FFDCE8528B2765D003E54A2 /* VoiceExpert2.xcdatamodel */ = {isa = PBXFileReference; lastKnownFileType = wrapper.xcdatamodel; path = VoiceExpert2.xcdatamodel; sourceTree = "<group>"; };
		8FFDCE8E28B279E9003E54A2 /* ItemCell.swift */ = {isa = PBXFileReference; fileEncoding = 4; lastKnownFileType = sourcecode.swift; path = ItemCell.swift; sourceTree = "<group>"; };
		8FFDCE9028B27ABC003E54A2 /* DetailView.swift */ = {isa = PBXFileReference; lastKnownFileType = sourcecode.swift; path = DetailView.swift; sourceTree = "<group>"; };
		8FFDCE9228B27E57003E54A2 /* AddItemView.swift */ = {isa = PBXFileReference; lastKnownFileType = sourcecode.swift; path = AddItemView.swift; sourceTree = "<group>"; };
		8FFDCE9428B286D0003E54A2 /* MainTabView.swift */ = {isa = PBXFileReference; lastKnownFileType = sourcecode.swift; path = MainTabView.swift; sourceTree = "<group>"; };
/* End PBXFileReference section */

/* Begin PBXFrameworksBuildPhase section */
		8FFDCE7328B2765A003E54A2 /* Frameworks */ = {
			isa = PBXFrameworksBuildPhase;
			buildActionMask = 2147483647;
			files = (
				8FE069F2296C30560001BA35 /* FirebaseMessaging in Frameworks */,
				8FFDB85A2961546B00C0A25B /* AudioKit in Frameworks */,
				8FFDB857296153D300C0A25B /* Rswift in Frameworks */,
			);
			runOnlyForDeploymentPostprocessing = 0;
		};
/* End PBXFrameworksBuildPhase section */

/* Begin PBXGroup section */
		8F2D707128C0CCF90094DA67 /* Repository */ = {
			isa = PBXGroup;
			children = (
				8F2D707228C0CD1C0094DA67 /* ItemRepositoryProtocol.swift */,
			);
			path = Repository;
			sourceTree = "<group>";
		};
		8F6472A9298662D400DFF41E /* Model */ = {
			isa = PBXGroup;
			children = (
				8F6472AA2986630100DFF41E /* Item.swift */,
			);
			path = Model;
			sourceTree = "<group>";
		};
		8F80D08E2962C23800007461 /* CoreData */ = {
			isa = PBXGroup;
			children = (
				8FFDCE8228B2765D003E54A2 /* Persistence.swift */,
				8F2D706F28BE46AC0094DA67 /* CoreDataManager.swift */,
				8F80D08C2962BF6400007461 /* ItemDao.swift */,
				8F6472AE29866FB100DFF41E /* ItemRepository.swift */,
			);
			path = CoreData;
			sourceTree = "<group>";
		};
		8F8E62C228DDBBB0006A6A88 /* Components */ = {
			isa = PBXGroup;
			children = (
				8F9EA5CF28BD0E00004FDDEB /* AlertView.swift */,
				8F2D707428C343BD0094DA67 /* FloatingButton.swift */,
				8FFDCE8E28B279E9003E54A2 /* ItemCell.swift */,
				8F8E62C828DDEB50006A6A88 /* TextArea.swift */,
				8F80D0862962AA0700007461 /* CustomAlert.swift */,
				8F80D0882962AAF300007461 /* AlertType.swift */,
				8F80D08A2962AB9600007461 /* ContentView.swift */,
			);
			path = Components;
			sourceTree = "<group>";
		};
		8F8E62C328DDBBCC006A6A88 /* Views */ = {
			isa = PBXGroup;
			children = (
				8FFDCE7B28B2765A003E54A2 /* AllItemView.swift */,
				8FFDCE9228B27E57003E54A2 /* AddItemView.swift */,
				8FFDCE9028B27ABC003E54A2 /* DetailView.swift */,
				8F5CA77028DE003F00A43279 /* SettingsView.swift */,
			);
			path = Views;
			sourceTree = "<group>";
		};
		8F8E62C528DDC2A2006A6A88 /* ViewModels */ = {
			isa = PBXGroup;
			children = (
				8F8E62C628DDC30F006A6A88 /* AllItemViewModel.swift */,
				8FFDB85D29617C4300C0A25B /* DetailViewModel.swift */,
			);
			path = ViewModels;
			sourceTree = "<group>";
		};
		8FFDB850296128D700C0A25B /* Helpers */ = {
			isa = PBXGroup;
			children = (
				8FFDB851296129D700C0A25B /* VE2Logger.swift */,
				8FFDB8532961509700C0A25B /* Constants.swift */,
				8F02682F29618E8C006094BE /* AudioSessionController.swift */,
			);
			path = Helpers;
			sourceTree = "<group>";
		};
		8FFDCE6D28B2765A003E54A2 = {
			isa = PBXGroup;
			children = (
				8FFDCE7828B2765A003E54A2 /* VoiceExpert2 */,
				8FFDCE7728B2765A003E54A2 /* Products */,
			);
			sourceTree = "<group>";
		};
		8FFDCE7728B2765A003E54A2 /* Products */ = {
			isa = PBXGroup;
			children = (
				8FFDCE7628B2765A003E54A2 /* VoiceExpert2.app */,
			);
			name = Products;
			sourceTree = "<group>";
		};
		8FFDCE7828B2765A003E54A2 /* VoiceExpert2 */ = {
			isa = PBXGroup;
			children = (
				8F6472A829814DF800DFF41E /* Info.plist */,
				8F6472A729814CBE00DFF41E /* VoiceExpert2.entitlements */,
				8FFDCE9828B66D97003E54A2 /* Domain */,
				8FFDCE9728B66CFF003E54A2 /* Infrastructure */,
				8FFDCE9628B28751003E54A2 /* Presentation */,
				8FFDCE7D28B2765D003E54A2 /* Assets.xcassets */,
				8FFDCE8428B2765D003E54A2 /* VoiceExpert2.xcdatamodeld */,
				8FFDCE7F28B2765D003E54A2 /* Preview Content */,
			);
			path = VoiceExpert2;
			sourceTree = "<group>";
		};
		8FFDCE7F28B2765D003E54A2 /* Preview Content */ = {
			isa = PBXGroup;
			children = (
				8FFDCE8028B2765D003E54A2 /* Preview Assets.xcassets */,
			);
			path = "Preview Content";
			sourceTree = "<group>";
		};
		8FFDCE9628B28751003E54A2 /* Presentation */ = {
			isa = PBXGroup;
			children = (
				8FFDCE9428B286D0003E54A2 /* MainTabView.swift */,
				8F8E62C528DDC2A2006A6A88 /* ViewModels */,
				8F8E62C328DDBBCC006A6A88 /* Views */,
				8F8E62C228DDBBB0006A6A88 /* Components */,
			);
			path = Presentation;
			sourceTree = "<group>";
		};
		8FFDCE9728B66CFF003E54A2 /* Infrastructure */ = {
			isa = PBXGroup;
			children = (
				8F80D08E2962C23800007461 /* CoreData */,
			);
			path = Infrastructure;
			sourceTree = "<group>";
		};
		8FFDCE9828B66D97003E54A2 /* Domain */ = {
			isa = PBXGroup;
			children = (
				8FFDCE7928B2765A003E54A2 /* VoiceExpert2App.swift */,
				8F6472A9298662D400DFF41E /* Model */,
				8FFDB850296128D700C0A25B /* Helpers */,
				8F2D707128C0CCF90094DA67 /* Repository */,
				8FFDCE9A28B66E6D003E54A2 /* Errors */,
				8FFDCE9928B66DA4003E54A2 /* Extensions */,
				8F8E62C028DA0CDE006A6A88 /* SpeechUseCase.swift */,
				8FFDB85B2961656100C0A25B /* Speech.swift */,
				8FFDB84C2961107F00C0A25B /* TextToAudioFileUseCase.swift */,
			);
			path = Domain;
			sourceTree = "<group>";
		};
		8FFDCE9928B66DA4003E54A2 /* Extensions */ = {
			isa = PBXGroup;
			children = (
				8F5CA76E28DDFC7B00A43279 /* Date+Extension.swift */,
				8F847195292AEC210074679C /* RSwift + Extension.swift */,
			);
			path = Extensions;
			sourceTree = "<group>";
		};
		8FFDCE9A28B66E6D003E54A2 /* Errors */ = {
			isa = PBXGroup;
			children = (
				8F9EA5CB28BBA550004FDDEB /* VE2Error.swift */,
			);
			path = Errors;
			sourceTree = "<group>";
		};
/* End PBXGroup section */

/* Begin PBXNativeTarget section */
		8FFDCE7528B2765A003E54A2 /* VoiceExpert2 */ = {
			isa = PBXNativeTarget;
			buildConfigurationList = 8FFDCE8928B2765D003E54A2 /* Build configuration list for PBXNativeTarget "VoiceExpert2" */;
			buildPhases = (
				8FFDCE7228B2765A003E54A2 /* Sources */,
				8FFDCE7328B2765A003E54A2 /* Frameworks */,
				8FFDCE7428B2765A003E54A2 /* Resources */,
			);
			buildRules = (
			);
			dependencies = (
			);
			name = VoiceExpert2;
			packageProductDependencies = (
				8FFDB856296153D300C0A25B /* Rswift */,
				8FFDB8592961546B00C0A25B /* AudioKit */,
				8FE069F1296C30560001BA35 /* FirebaseMessaging */,
			);
			productName = VoiceExpert2;
			productReference = 8FFDCE7628B2765A003E54A2 /* VoiceExpert2.app */;
			productType = "com.apple.product-type.application";
		};
/* End PBXNativeTarget section */

/* Begin PBXProject section */
		8FFDCE6E28B2765A003E54A2 /* Project object */ = {
			isa = PBXProject;
			attributes = {
				BuildIndependentTargetsInParallel = 1;
				LastSwiftUpdateCheck = 1340;
				LastUpgradeCheck = 1340;
				TargetAttributes = {
					8FFDCE7528B2765A003E54A2 = {
						CreatedOnToolsVersion = 13.4.1;
					};
				};
			};
			buildConfigurationList = 8FFDCE7128B2765A003E54A2 /* Build configuration list for PBXProject "VoiceExpert2" */;
			compatibilityVersion = "Xcode 13.0";
			developmentRegion = en;
			hasScannedForEncodings = 0;
			knownRegions = (
				en,
				Base,
			);
			mainGroup = 8FFDCE6D28B2765A003E54A2;
			packageReferences = (
				8FFDB855296153D200C0A25B /* XCRemoteSwiftPackageReference "R.swift.Library" */,
				8FFDB8582961546B00C0A25B /* XCRemoteSwiftPackageReference "AudioKit" */,
				8FE069F0296C30560001BA35 /* XCRemoteSwiftPackageReference "firebase-ios-sdk" */,
			);
			productRefGroup = 8FFDCE7728B2765A003E54A2 /* Products */;
			projectDirPath = "";
			projectRoot = "";
			targets = (
				8FFDCE7528B2765A003E54A2 /* VoiceExpert2 */,
			);
		};
/* End PBXProject section */

/* Begin PBXResourcesBuildPhase section */
		8FFDCE7428B2765A003E54A2 /* Resources */ = {
			isa = PBXResourcesBuildPhase;
			buildActionMask = 2147483647;
			files = (
				8FFDCE8128B2765D003E54A2 /* Preview Assets.xcassets in Resources */,
				8FFDCE7E28B2765D003E54A2 /* Assets.xcassets in Resources */,
			);
			runOnlyForDeploymentPostprocessing = 0;
		};
/* End PBXResourcesBuildPhase section */

/* Begin PBXSourcesBuildPhase section */
		8FFDCE7228B2765A003E54A2 /* Sources */ = {
			isa = PBXSourcesBuildPhase;
			buildActionMask = 2147483647;
			files = (
				8FFDCE8328B2765D003E54A2 /* Persistence.swift in Sources */,
				8F2D707528C343BD0094DA67 /* FloatingButton.swift in Sources */,
				8FFDCE9528B286D0003E54A2 /* MainTabView.swift in Sources */,
				8FFDCE9128B27ABC003E54A2 /* DetailView.swift in Sources */,
				8FFDCE9328B27E57003E54A2 /* AddItemView.swift in Sources */,
				8F6472AB2986630100DFF41E /* Item.swift in Sources */,
				8FFDB8542961509700C0A25B /* Constants.swift in Sources */,
				8F9EA5D028BD0E00004FDDEB /* AlertView.swift in Sources */,
				8F02683029618E8C006094BE /* AudioSessionController.swift in Sources */,
				8F2D707028BE46AD0094DA67 /* CoreDataManager.swift in Sources */,
				8F2D707328C0CD1C0094DA67 /* ItemRepositoryProtocol.swift in Sources */,
				8FFDCE8628B2765D003E54A2 /* VoiceExpert2.xcdatamodeld in Sources */,
				8F8E62C928DDEB50006A6A88 /* TextArea.swift in Sources */,
				8FFDCE7C28B2765A003E54A2 /* AllItemView.swift in Sources */,
				8FFDB85E29617C4300C0A25B /* DetailViewModel.swift in Sources */,
				8FFDCE7A28B2765A003E54A2 /* VoiceExpert2App.swift in Sources */,
				8FFDB84D2961107F00C0A25B /* TextToAudioFileUseCase.swift in Sources */,
				8FFDB85C2961656100C0A25B /* Speech.swift in Sources */,
				8F9EA5CC28BBA550004FDDEB /* VE2Error.swift in Sources */,
				8F6472AF29866FB100DFF41E /* ItemRepository.swift in Sources */,
				8FFDB852296129D700C0A25B /* VE2Logger.swift in Sources */,
				8F80D0892962AAF300007461 /* AlertType.swift in Sources */,
				8FFDCE8F28B279EA003E54A2 /* ItemCell.swift in Sources */,
				8F80D08D2962BF6400007461 /* ItemDao.swift in Sources */,
				8F8E62C128DA0CDE006A6A88 /* SpeechUseCase.swift in Sources */,
				8F8E62C728DDC30F006A6A88 /* AllItemViewModel.swift in Sources */,
				8F5CA76F28DDFC7B00A43279 /* Date+Extension.swift in Sources */,
				8F847196292AEC210074679C /* RSwift + Extension.swift in Sources */,
				8F80D08B2962AB9600007461 /* ContentView.swift in Sources */,
				8F5CA77128DE003F00A43279 /* SettingsView.swift in Sources */,
				8F80D0872962AA0700007461 /* CustomAlert.swift in Sources */,
			);
			runOnlyForDeploymentPostprocessing = 0;
		};
/* End PBXSourcesBuildPhase section */

/* Begin XCBuildConfiguration section */
		8FFDCE8728B2765D003E54A2 /* Debug */ = {
			isa = XCBuildConfiguration;
			buildSettings = {
				ALWAYS_SEARCH_USER_PATHS = NO;
				CLANG_ANALYZER_NONNULL = YES;
				CLANG_ANALYZER_NUMBER_OBJECT_CONVERSION = YES_AGGRESSIVE;
				CLANG_CXX_LANGUAGE_STANDARD = "gnu++17";
				CLANG_ENABLE_MODULES = YES;
				CLANG_ENABLE_OBJC_ARC = YES;
				CLANG_ENABLE_OBJC_WEAK = YES;
				CLANG_WARN_BLOCK_CAPTURE_AUTORELEASING = YES;
				CLANG_WARN_BOOL_CONVERSION = YES;
				CLANG_WARN_COMMA = YES;
				CLANG_WARN_CONSTANT_CONVERSION = YES;
				CLANG_WARN_DEPRECATED_OBJC_IMPLEMENTATIONS = YES;
				CLANG_WARN_DIRECT_OBJC_ISA_USAGE = YES_ERROR;
				CLANG_WARN_DOCUMENTATION_COMMENTS = YES;
				CLANG_WARN_EMPTY_BODY = YES;
				CLANG_WARN_ENUM_CONVERSION = YES;
				CLANG_WARN_INFINITE_RECURSION = YES;
				CLANG_WARN_INT_CONVERSION = YES;
				CLANG_WARN_NON_LITERAL_NULL_CONVERSION = YES;
				CLANG_WARN_OBJC_IMPLICIT_RETAIN_SELF = YES;
				CLANG_WARN_OBJC_LITERAL_CONVERSION = YES;
				CLANG_WARN_OBJC_ROOT_CLASS = YES_ERROR;
				CLANG_WARN_QUOTED_INCLUDE_IN_FRAMEWORK_HEADER = YES;
				CLANG_WARN_RANGE_LOOP_ANALYSIS = YES;
				CLANG_WARN_STRICT_PROTOTYPES = YES;
				CLANG_WARN_SUSPICIOUS_MOVE = YES;
				CLANG_WARN_UNGUARDED_AVAILABILITY = YES_AGGRESSIVE;
				CLANG_WARN_UNREACHABLE_CODE = YES;
				CLANG_WARN__DUPLICATE_METHOD_MATCH = YES;
				COPY_PHASE_STRIP = NO;
				DEBUG_INFORMATION_FORMAT = dwarf;
				ENABLE_STRICT_OBJC_MSGSEND = YES;
				ENABLE_TESTABILITY = YES;
				GCC_C_LANGUAGE_STANDARD = gnu11;
				GCC_DYNAMIC_NO_PIC = NO;
				GCC_NO_COMMON_BLOCKS = YES;
				GCC_OPTIMIZATION_LEVEL = 0;
				GCC_PREPROCESSOR_DEFINITIONS = (
					"DEBUG=1",
					"$(inherited)",
				);
				GCC_WARN_64_TO_32_BIT_CONVERSION = YES;
				GCC_WARN_ABOUT_RETURN_TYPE = YES_ERROR;
				GCC_WARN_UNDECLARED_SELECTOR = YES;
				GCC_WARN_UNINITIALIZED_AUTOS = YES_AGGRESSIVE;
				GCC_WARN_UNUSED_FUNCTION = YES;
				GCC_WARN_UNUSED_VARIABLE = YES;
				IPHONEOS_DEPLOYMENT_TARGET = 15.5;
				MTL_ENABLE_DEBUG_INFO = INCLUDE_SOURCE;
				MTL_FAST_MATH = YES;
				ONLY_ACTIVE_ARCH = YES;
				SDKROOT = iphoneos;
				SWIFT_ACTIVE_COMPILATION_CONDITIONS = DEBUG;
				SWIFT_OPTIMIZATION_LEVEL = "-Onone";
			};
			name = Debug;
		};
		8FFDCE8828B2765D003E54A2 /* Release */ = {
			isa = XCBuildConfiguration;
			buildSettings = {
				ALWAYS_SEARCH_USER_PATHS = NO;
				CLANG_ANALYZER_NONNULL = YES;
				CLANG_ANALYZER_NUMBER_OBJECT_CONVERSION = YES_AGGRESSIVE;
				CLANG_CXX_LANGUAGE_STANDARD = "gnu++17";
				CLANG_ENABLE_MODULES = YES;
				CLANG_ENABLE_OBJC_ARC = YES;
				CLANG_ENABLE_OBJC_WEAK = YES;
				CLANG_WARN_BLOCK_CAPTURE_AUTORELEASING = YES;
				CLANG_WARN_BOOL_CONVERSION = YES;
				CLANG_WARN_COMMA = YES;
				CLANG_WARN_CONSTANT_CONVERSION = YES;
				CLANG_WARN_DEPRECATED_OBJC_IMPLEMENTATIONS = YES;
				CLANG_WARN_DIRECT_OBJC_ISA_USAGE = YES_ERROR;
				CLANG_WARN_DOCUMENTATION_COMMENTS = YES;
				CLANG_WARN_EMPTY_BODY = YES;
				CLANG_WARN_ENUM_CONVERSION = YES;
				CLANG_WARN_INFINITE_RECURSION = YES;
				CLANG_WARN_INT_CONVERSION = YES;
				CLANG_WARN_NON_LITERAL_NULL_CONVERSION = YES;
				CLANG_WARN_OBJC_IMPLICIT_RETAIN_SELF = YES;
				CLANG_WARN_OBJC_LITERAL_CONVERSION = YES;
				CLANG_WARN_OBJC_ROOT_CLASS = YES_ERROR;
				CLANG_WARN_QUOTED_INCLUDE_IN_FRAMEWORK_HEADER = YES;
				CLANG_WARN_RANGE_LOOP_ANALYSIS = YES;
				CLANG_WARN_STRICT_PROTOTYPES = YES;
				CLANG_WARN_SUSPICIOUS_MOVE = YES;
				CLANG_WARN_UNGUARDED_AVAILABILITY = YES_AGGRESSIVE;
				CLANG_WARN_UNREACHABLE_CODE = YES;
				CLANG_WARN__DUPLICATE_METHOD_MATCH = YES;
				COPY_PHASE_STRIP = NO;
				DEBUG_INFORMATION_FORMAT = "dwarf-with-dsym";
				ENABLE_NS_ASSERTIONS = NO;
				ENABLE_STRICT_OBJC_MSGSEND = YES;
				GCC_C_LANGUAGE_STANDARD = gnu11;
				GCC_NO_COMMON_BLOCKS = YES;
				GCC_WARN_64_TO_32_BIT_CONVERSION = YES;
				GCC_WARN_ABOUT_RETURN_TYPE = YES_ERROR;
				GCC_WARN_UNDECLARED_SELECTOR = YES;
				GCC_WARN_UNINITIALIZED_AUTOS = YES_AGGRESSIVE;
				GCC_WARN_UNUSED_FUNCTION = YES;
				GCC_WARN_UNUSED_VARIABLE = YES;
				IPHONEOS_DEPLOYMENT_TARGET = 15.5;
				MTL_ENABLE_DEBUG_INFO = NO;
				MTL_FAST_MATH = YES;
				SDKROOT = iphoneos;
				SWIFT_COMPILATION_MODE = wholemodule;
				SWIFT_OPTIMIZATION_LEVEL = "-O";
				VALIDATE_PRODUCT = YES;
			};
			name = Release;
		};
		8FFDCE8A28B2765D003E54A2 /* Debug */ = {
			isa = XCBuildConfiguration;
			buildSettings = {
				ASSETCATALOG_COMPILER_APPICON_NAME = AppIcon;
				ASSETCATALOG_COMPILER_GLOBAL_ACCENT_COLOR_NAME = AccentColor;
				CODE_SIGN_ENTITLEMENTS = VoiceExpert2/VoiceExpert2.entitlements;
				CODE_SIGN_STYLE = Automatic;
				CURRENT_PROJECT_VERSION = 1;
				DEVELOPMENT_ASSET_PATHS = "\"VoiceExpert2/Preview Content\"";
				DEVELOPMENT_TEAM = H32K2TW68B;
				ENABLE_PREVIEWS = YES;
				GENERATE_INFOPLIST_FILE = YES;
				INFOPLIST_FILE = VoiceExpert2/Info.plist;
				INFOPLIST_KEY_UIApplicationSceneManifest_Generation = YES;
				INFOPLIST_KEY_UIApplicationSupportsIndirectInputEvents = YES;
				INFOPLIST_KEY_UILaunchScreen_Generation = YES;
				INFOPLIST_KEY_UISupportedInterfaceOrientations_iPad = "UIInterfaceOrientationPortrait UIInterfaceOrientationPortraitUpsideDown UIInterfaceOrientationLandscapeLeft UIInterfaceOrientationLandscapeRight";
				INFOPLIST_KEY_UISupportedInterfaceOrientations_iPhone = "UIInterfaceOrientationPortrait UIInterfaceOrientationLandscapeLeft UIInterfaceOrientationLandscapeRight";
				IPHONEOS_DEPLOYMENT_TARGET = 16.0;
				LD_RUNPATH_SEARCH_PATHS = (
					"$(inherited)",
					"@executable_path/Frameworks",
				);
				MARKETING_VERSION = 1.0;
				PRODUCT_BUNDLE_IDENTIFIER = com.tomato.VoiceExpert2;
				PRODUCT_NAME = "$(TARGET_NAME)";
				SWIFT_EMIT_LOC_STRINGS = YES;
				SWIFT_VERSION = 5.0;
				TARGETED_DEVICE_FAMILY = "1,2";
			};
			name = Debug;
		};
		8FFDCE8B28B2765D003E54A2 /* Release */ = {
			isa = XCBuildConfiguration;
			buildSettings = {
				ASSETCATALOG_COMPILER_APPICON_NAME = AppIcon;
				ASSETCATALOG_COMPILER_GLOBAL_ACCENT_COLOR_NAME = AccentColor;
				CODE_SIGN_ENTITLEMENTS = VoiceExpert2/VoiceExpert2.entitlements;
				CODE_SIGN_STYLE = Automatic;
				CURRENT_PROJECT_VERSION = 1;
				DEVELOPMENT_ASSET_PATHS = "\"VoiceExpert2/Preview Content\"";
				DEVELOPMENT_TEAM = H32K2TW68B;
				ENABLE_PREVIEWS = YES;
				GENERATE_INFOPLIST_FILE = YES;
				INFOPLIST_FILE = VoiceExpert2/Info.plist;
				INFOPLIST_KEY_UIApplicationSceneManifest_Generation = YES;
				INFOPLIST_KEY_UIApplicationSupportsIndirectInputEvents = YES;
				INFOPLIST_KEY_UILaunchScreen_Generation = YES;
				INFOPLIST_KEY_UISupportedInterfaceOrientations_iPad = "UIInterfaceOrientationPortrait UIInterfaceOrientationPortraitUpsideDown UIInterfaceOrientationLandscapeLeft UIInterfaceOrientationLandscapeRight";
				INFOPLIST_KEY_UISupportedInterfaceOrientations_iPhone = "UIInterfaceOrientationPortrait UIInterfaceOrientationLandscapeLeft UIInterfaceOrientationLandscapeRight";
				IPHONEOS_DEPLOYMENT_TARGET = 16.0;
				LD_RUNPATH_SEARCH_PATHS = (
					"$(inherited)",
					"@executable_path/Frameworks",
				);
				MARKETING_VERSION = 1.0;
				PRODUCT_BUNDLE_IDENTIFIER = com.tomato.VoiceExpert2;
				PRODUCT_NAME = "$(TARGET_NAME)";
				SWIFT_EMIT_LOC_STRINGS = YES;
				SWIFT_VERSION = 5.0;
				TARGETED_DEVICE_FAMILY = "1,2";
			};
			name = Release;
		};
/* End XCBuildConfiguration section */

/* Begin XCConfigurationList section */
		8FFDCE7128B2765A003E54A2 /* Build configuration list for PBXProject "VoiceExpert2" */ = {
			isa = XCConfigurationList;
			buildConfigurations = (
				8FFDCE8728B2765D003E54A2 /* Debug */,
				8FFDCE8828B2765D003E54A2 /* Release */,
			);
			defaultConfigurationIsVisible = 0;
			defaultConfigurationName = Release;
		};
		8FFDCE8928B2765D003E54A2 /* Build configuration list for PBXNativeTarget "VoiceExpert2" */ = {
			isa = XCConfigurationList;
			buildConfigurations = (
				8FFDCE8A28B2765D003E54A2 /* Debug */,
				8FFDCE8B28B2765D003E54A2 /* Release */,
			);
			defaultConfigurationIsVisible = 0;
			defaultConfigurationName = Release;
		};
/* End XCConfigurationList section */

/* Begin XCRemoteSwiftPackageReference section */
		8FE069F0296C30560001BA35 /* XCRemoteSwiftPackageReference "firebase-ios-sdk" */ = {
			isa = XCRemoteSwiftPackageReference;
			repositoryURL = "https://github.com/firebase/firebase-ios-sdk.git";
			requirement = {
				kind = upToNextMajorVersion;
				minimumVersion = 9.0.0;
			};
		};
		8FFDB855296153D200C0A25B /* XCRemoteSwiftPackageReference "R.swift.Library" */ = {
			isa = XCRemoteSwiftPackageReference;
			repositoryURL = "https://github.com/mac-cain13/R.swift.Library.git";
			requirement = {
				branch = master;
				kind = branch;
			};
		};
		8FFDB8582961546B00C0A25B /* XCRemoteSwiftPackageReference "AudioKit" */ = {
			isa = XCRemoteSwiftPackageReference;
			repositoryURL = "https://github.com/AudioKit/AudioKit.git";
			requirement = {
				kind = upToNextMajorVersion;
				minimumVersion = 5.0.0;
			};
		};
/* End XCRemoteSwiftPackageReference section */

/* Begin XCSwiftPackageProductDependency section */
		8FE069F1296C30560001BA35 /* FirebaseMessaging */ = {
			isa = XCSwiftPackageProductDependency;
			package = 8FE069F0296C30560001BA35 /* XCRemoteSwiftPackageReference "firebase-ios-sdk" */;
			productName = FirebaseMessaging;
		};
		8FFDB856296153D300C0A25B /* Rswift */ = {
			isa = XCSwiftPackageProductDependency;
			package = 8FFDB855296153D200C0A25B /* XCRemoteSwiftPackageReference "R.swift.Library" */;
			productName = Rswift;
		};
		8FFDB8592961546B00C0A25B /* AudioKit */ = {
			isa = XCSwiftPackageProductDependency;
			package = 8FFDB8582961546B00C0A25B /* XCRemoteSwiftPackageReference "AudioKit" */;
			productName = AudioKit;
		};
/* End XCSwiftPackageProductDependency section */

/* Begin XCVersionGroup section */
		8FFDCE8428B2765D003E54A2 /* VoiceExpert2.xcdatamodeld */ = {
			isa = XCVersionGroup;
			children = (
				8FFDCE8528B2765D003E54A2 /* VoiceExpert2.xcdatamodel */,
			);
			currentVersion = 8FFDCE8528B2765D003E54A2 /* VoiceExpert2.xcdatamodel */;
			path = VoiceExpert2.xcdatamodeld;
			sourceTree = "<group>";
			versionGroupType = wrapper.xcdatamodel;
		};
/* End XCVersionGroup section */
	};
	rootObject = 8FFDCE6E28B2765A003E54A2 /* Project object */;
}
